// !$*UTF8*$!
{
	archiveVersion = 1;
	classes = {
	};
	objectVersion = 56;
	objects = {

/* Begin PBXBuildFile section */
		64705B192977658A001F265A /* fakeData.json in Resources */ = {isa = PBXBuildFile; fileRef = 64705B182977658A001F265A /* fakeData.json */; };
		64EC864029775EEB006D01A4 /* bakery_appApp.swift in Sources */ = {isa = PBXBuildFile; fileRef = 64EC863F29775EEB006D01A4 /* bakery_appApp.swift */; };
		64EC864229775EEB006D01A4 /* ContentView.swift in Sources */ = {isa = PBXBuildFile; fileRef = 64EC864129775EEB006D01A4 /* ContentView.swift */; };
		64EC864429775EED006D01A4 /* Assets.xcassets in Resources */ = {isa = PBXBuildFile; fileRef = 64EC864329775EED006D01A4 /* Assets.xcassets */; };
		64EC864729775EED006D01A4 /* Preview Assets.xcassets in Resources */ = {isa = PBXBuildFile; fileRef = 64EC864629775EED006D01A4 /* Preview Assets.xcassets */; };
		64EC865129775EED006D01A4 /* bakery_appTests.swift in Sources */ = {isa = PBXBuildFile; fileRef = 64EC865029775EED006D01A4 /* bakery_appTests.swift */; };
		64EC865B29775EED006D01A4 /* bakery_appUITests.swift in Sources */ = {isa = PBXBuildFile; fileRef = 64EC865A29775EED006D01A4 /* bakery_appUITests.swift */; };
		64EC865D29775EED006D01A4 /* bakery_appUITestsLaunchTests.swift in Sources */ = {isa = PBXBuildFile; fileRef = 64EC865C29775EED006D01A4 /* bakery_appUITestsLaunchTests.swift */; };
/* End PBXBuildFile section */

/* Begin PBXContainerItemProxy section */
		64EC864D29775EED006D01A4 /* PBXContainerItemProxy */ = {
			isa = PBXContainerItemProxy;
			containerPortal = 64EC863429775EEB006D01A4 /* Project object */;
			proxyType = 1;
			remoteGlobalIDString = 64EC863B29775EEB006D01A4;
			remoteInfo = bakery_app;
		};
		64EC865729775EED006D01A4 /* PBXContainerItemProxy */ = {
			isa = PBXContainerItemProxy;
			containerPortal = 64EC863429775EEB006D01A4 /* Project object */;
			proxyType = 1;
			remoteGlobalIDString = 64EC863B29775EEB006D01A4;
			remoteInfo = bakery_app;
		};
/* End PBXContainerItemProxy section */

/* Begin PBXFileReference section */
		64705B182977658A001F265A /* fakeData.json */ = {isa = PBXFileReference; fileEncoding = 4; lastKnownFileType = text.json; path = fakeData.json; sourceTree = "<group>"; };
		64EC863C29775EEB006D01A4 /* bakery_app.app */ = {isa = PBXFileReference; explicitFileType = wrapper.application; includeInIndex = 0; path = bakery_app.app; sourceTree = BUILT_PRODUCTS_DIR; };
		64EC863F29775EEB006D01A4 /* bakery_appApp.swift */ = {isa = PBXFileReference; lastKnownFileType = sourcecode.swift; path = bakery_appApp.swift; sourceTree = "<group>"; };
		64EC864129775EEB006D01A4 /* ContentView.swift */ = {isa = PBXFileReference; lastKnownFileType = sourcecode.swift; path = ContentView.swift; sourceTree = "<group>"; };
		64EC864329775EED006D01A4 /* Assets.xcassets */ = {isa = PBXFileReference; lastKnownFileType = folder.assetcatalog; path = Assets.xcassets; sourceTree = "<group>"; };
		64EC864629775EED006D01A4 /* Preview Assets.xcassets */ = {isa = PBXFileReference; lastKnownFileType = folder.assetcatalog; path = "Preview Assets.xcassets"; sourceTree = "<group>"; };
		64EC864C29775EED006D01A4 /* bakery_appTests.xctest */ = {isa = PBXFileReference; explicitFileType = wrapper.cfbundle; includeInIndex = 0; path = bakery_appTests.xctest; sourceTree = BUILT_PRODUCTS_DIR; };
		64EC865029775EED006D01A4 /* bakery_appTests.swift */ = {isa = PBXFileReference; lastKnownFileType = sourcecode.swift; path = bakery_appTests.swift; sourceTree = "<group>"; };
		64EC865629775EED006D01A4 /* bakery_appUITests.xctest */ = {isa = PBXFileReference; explicitFileType = wrapper.cfbundle; includeInIndex = 0; path = bakery_appUITests.xctest; sourceTree = BUILT_PRODUCTS_DIR; };
		64EC865A29775EED006D01A4 /* bakery_appUITests.swift */ = {isa = PBXFileReference; lastKnownFileType = sourcecode.swift; path = bakery_appUITests.swift; sourceTree = "<group>"; };
		64EC865C29775EED006D01A4 /* bakery_appUITestsLaunchTests.swift */ = {isa = PBXFileReference; lastKnownFileType = sourcecode.swift; path = bakery_appUITestsLaunchTests.swift; sourceTree = "<group>"; };
/* End PBXFileReference section */

/* Begin PBXFrameworksBuildPhase section */
		64EC863929775EEB006D01A4 /* Frameworks */ = {
			isa = PBXFrameworksBuildPhase;
			buildActionMask = 2147483647;
			files = (
			);
			runOnlyForDeploymentPostprocessing = 0;
		};
		64EC864929775EED006D01A4 /* Frameworks */ = {
			isa = PBXFrameworksBuildPhase;
			buildActionMask = 2147483647;
			files = (
			);
			runOnlyForDeploymentPostprocessing = 0;
		};
		64EC865329775EED006D01A4 /* Frameworks */ = {
			isa = PBXFrameworksBuildPhase;
			buildActionMask = 2147483647;
			files = (
			);
			runOnlyForDeploymentPostprocessing = 0;
		};
/* End PBXFrameworksBuildPhase section */

/* Begin PBXGroup section */
		64705B1729776576001F265A /* resources */ = {
			isa = PBXGroup;
			children = (
				64705B182977658A001F265A /* fakeData.json */,
			);
			path = resources;
			sourceTree = "<group>";
		};
		64EC863329775EEB006D01A4 = {
			isa = PBXGroup;
			children = (
				64705B1729776576001F265A /* resources */,
				64EC863E29775EEB006D01A4 /* bakery_app */,
				64EC864F29775EED006D01A4 /* bakery_appTests */,
				64EC865929775EED006D01A4 /* bakery_appUITests */,
				64EC863D29775EEB006D01A4 /* Products */,
			);
			sourceTree = "<group>";
		};
		64EC863D29775EEB006D01A4 /* Products */ = {
			isa = PBXGroup;
			children = (
				64EC863C29775EEB006D01A4 /* bakery_app.app */,
				64EC864C29775EED006D01A4 /* bakery_appTests.xctest */,
				64EC865629775EED006D01A4 /* bakery_appUITests.xctest */,
			);
			name = Products;
			sourceTree = "<group>";
		};
		64EC863E29775EEB006D01A4 /* bakery_app */ = {
			isa = PBXGroup;
			children = (
				64EC863F29775EEB006D01A4 /* bakery_appApp.swift */,
				64EC864129775EEB006D01A4 /* ContentView.swift */,
				64EC864329775EED006D01A4 /* Assets.xcassets */,
				64EC864529775EED006D01A4 /* Preview Content */,
			);
			path = bakery_app;
			sourceTree = "<group>";
		};
		64EC864529775EED006D01A4 /* Preview Content */ = {
			isa = PBXGroup;
			children = (
				64EC864629775EED006D01A4 /* Preview Assets.xcassets */,
			);
			path = "Preview Content";
			sourceTree = "<group>";
		};
		64EC864F29775EED006D01A4 /* bakery_appTests */ = {
			isa = PBXGroup;
			children = (
				64EC865029775EED006D01A4 /* bakery_appTests.swift */,
			);
			path = bakery_appTests;
			sourceTree = "<group>";
		};
		64EC865929775EED006D01A4 /* bakery_appUITests */ = {
			isa = PBXGroup;
			children = (
				64EC865A29775EED006D01A4 /* bakery_appUITests.swift */,
				64EC865C29775EED006D01A4 /* bakery_appUITestsLaunchTests.swift */,
			);
			path = bakery_appUITests;
			sourceTree = "<group>";
		};
/* End PBXGroup section */

/* Begin PBXNativeTarget section */
		64EC863B29775EEB006D01A4 /* bakery_app */ = {
			isa = PBXNativeTarget;
			buildConfigurationList = 64EC866029775EED006D01A4 /* Build configuration list for PBXNativeTarget "bakery_app" */;
			buildPhases = (
				64EC863829775EEB006D01A4 /* Sources */,
				64EC863929775EEB006D01A4 /* Frameworks */,
				64EC863A29775EEB006D01A4 /* Resources */,
			);
			buildRules = (
			);
			dependencies = (
			);
			name = bakery_app;
			productName = bakery_app;
			productReference = 64EC863C29775EEB006D01A4 /* bakery_app.app */;
			productType = "com.apple.product-type.application";
		};
		64EC864B29775EED006D01A4 /* bakery_appTests */ = {
			isa = PBXNativeTarget;
			buildConfigurationList = 64EC866329775EED006D01A4 /* Build configuration list for PBXNativeTarget "bakery_appTests" */;
			buildPhases = (
				64EC864829775EED006D01A4 /* Sources */,
				64EC864929775EED006D01A4 /* Frameworks */,
				64EC864A29775EED006D01A4 /* Resources */,
			);
			buildRules = (
			);
			dependencies = (
				64EC864E29775EED006D01A4 /* PBXTargetDependency */,
			);
			name = bakery_appTests;
			productName = bakery_appTests;
			productReference = 64EC864C29775EED006D01A4 /* bakery_appTests.xctest */;
			productType = "com.apple.product-type.bundle.unit-test";
		};
		64EC865529775EED006D01A4 /* bakery_appUITests */ = {
			isa = PBXNativeTarget;
			buildConfigurationList = 64EC866629775EED006D01A4 /* Build configuration list for PBXNativeTarget "bakery_appUITests" */;
			buildPhases = (
				64EC865229775EED006D01A4 /* Sources */,
				64EC865329775EED006D01A4 /* Frameworks */,
				64EC865429775EED006D01A4 /* Resources */,
			);
			buildRules = (
			);
			dependencies = (
				64EC865829775EED006D01A4 /* PBXTargetDependency */,
			);
			name = bakery_appUITests;
			productName = bakery_appUITests;
			productReference = 64EC865629775EED006D01A4 /* bakery_appUITests.xctest */;
			productType = "com.apple.product-type.bundle.ui-testing";
		};
/* End PBXNativeTarget section */

/* Begin PBXProject section */
		64EC863429775EEB006D01A4 /* Project object */ = {
			isa = PBXProject;
			attributes = {
				BuildIndependentTargetsInParallel = 1;
				LastSwiftUpdateCheck = 1420;
				LastUpgradeCheck = 1420;
				TargetAttributes = {
					64EC863B29775EEB006D01A4 = {
						CreatedOnToolsVersion = 14.2;
					};
					64EC864B29775EED006D01A4 = {
						CreatedOnToolsVersion = 14.2;
						TestTargetID = 64EC863B29775EEB006D01A4;
					};
					64EC865529775EED006D01A4 = {
						CreatedOnToolsVersion = 14.2;
						TestTargetID = 64EC863B29775EEB006D01A4;
					};
				};
			};
			buildConfigurationList = 64EC863729775EEB006D01A4 /* Build configuration list for PBXProject "bakery_app" */;
			compatibilityVersion = "Xcode 14.0";
			developmentRegion = en;
			hasScannedForEncodings = 0;
			knownRegions = (
				en,
				Base,
			);
			mainGroup = 64EC863329775EEB006D01A4;
			productRefGroup = 64EC863D29775EEB006D01A4 /* Products */;
			projectDirPath = "";
			projectRoot = "";
			targets = (
				64EC863B29775EEB006D01A4 /* bakery_app */,
				64EC864B29775EED006D01A4 /* bakery_appTests */,
				64EC865529775EED006D01A4 /* bakery_appUITests */,
			);
		};
/* End PBXProject section */

/* Begin PBXResourcesBuildPhase section */
		64EC863A29775EEB006D01A4 /* Resources */ = {
			isa = PBXResourcesBuildPhase;
			buildActionMask = 2147483647;
			files = (
				64EC864729775EED006D01A4 /* Preview Assets.xcassets in Resources */,
				64705B192977658A001F265A /* fakeData.json in Resources */,
				64EC864429775EED006D01A4 /* Assets.xcassets in Resources */,
			);
			runOnlyForDeploymentPostprocessing = 0;
		};
		64EC864A29775EED006D01A4 /* Resources */ = {
			isa = PBXResourcesBuildPhase;
			buildActionMask = 2147483647;
			files = (
			);
			runOnlyForDeploymentPostprocessing = 0;
		};
		64EC865429775EED006D01A4 /* Resources */ = {
			isa = PBXResourcesBuildPhase;
			buildActionMask = 2147483647;
			files = (
			);
			runOnlyForDeploymentPostprocessing = 0;
		};
/* End PBXResourcesBuildPhase section */

/* Begin PBXSourcesBuildPhase section */
		64EC863829775EEB006D01A4 /* Sources */ = {
			isa = PBXSourcesBuildPhase;
			buildActionMask = 2147483647;
			files = (
				64EC864229775EEB006D01A4 /* ContentView.swift in Sources */,
				64EC864029775EEB006D01A4 /* bakery_appApp.swift in Sources */,
			);
			runOnlyForDeploymentPostprocessing = 0;
		};
		64EC864829775EED006D01A4 /* Sources */ = {
			isa = PBXSourcesBuildPhase;
			buildActionMask = 2147483647;
			files = (
				64EC865129775EED006D01A4 /* bakery_appTests.swift in Sources */,
			);
			runOnlyForDeploymentPostprocessing = 0;
		};
		64EC865229775EED006D01A4 /* Sources */ = {
			isa = PBXSourcesBuildPhase;
			buildActionMask = 2147483647;
			files = (
				64EC865D29775EED006D01A4 /* bakery_appUITestsLaunchTests.swift in Sources */,
				64EC865B29775EED006D01A4 /* bakery_appUITests.swift in Sources */,
			);
			runOnlyForDeploymentPostprocessing = 0;
		};
/* End PBXSourcesBuildPhase section */

/* Begin PBXTargetDependency section */
		64EC864E29775EED006D01A4 /* PBXTargetDependency */ = {
			isa = PBXTargetDependency;
			target = 64EC863B29775EEB006D01A4 /* bakery_app */;
			targetProxy = 64EC864D29775EED006D01A4 /* PBXContainerItemProxy */;
		};
		64EC865829775EED006D01A4 /* PBXTargetDependency */ = {
			isa = PBXTargetDependency;
			target = 64EC863B29775EEB006D01A4 /* bakery_app */;
			targetProxy = 64EC865729775EED006D01A4 /* PBXContainerItemProxy */;
		};
/* End PBXTargetDependency section */

/* Begin XCBuildConfiguration section */
		64EC865E29775EED006D01A4 /* Debug */ = {
			isa = XCBuildConfiguration;
			buildSettings = {
				ALWAYS_SEARCH_USER_PATHS = NO;
				CLANG_ANALYZER_NONNULL = YES;
				CLANG_ANALYZER_NUMBER_OBJECT_CONVERSION = YES_AGGRESSIVE;
				CLANG_CXX_LANGUAGE_STANDARD = "gnu++20";
				CLANG_ENABLE_MODULES = YES;
				CLANG_ENABLE_OBJC_ARC = YES;
				CLANG_ENABLE_OBJC_WEAK = YES;
				CLANG_WARN_BLOCK_CAPTURE_AUTORELEASING = YES;
				CLANG_WARN_BOOL_CONVERSION = YES;
				CLANG_WARN_COMMA = YES;
				CLANG_WARN_CONSTANT_CONVERSION = YES;
				CLANG_WARN_DEPRECATED_OBJC_IMPLEMENTATIONS = YES;
				CLANG_WARN_DIRECT_OBJC_ISA_USAGE = YES_ERROR;
				CLANG_WARN_DOCUMENTATION_COMMENTS = YES;
				CLANG_WARN_EMPTY_BODY = YES;
				CLANG_WARN_ENUM_CONVERSION = YES;
				CLANG_WARN_INFINITE_RECURSION = YES;
				CLANG_WARN_INT_CONVERSION = YES;
				CLANG_WARN_NON_LITERAL_NULL_CONVERSION = YES;
				CLANG_WARN_OBJC_IMPLICIT_RETAIN_SELF = YES;
				CLANG_WARN_OBJC_LITERAL_CONVERSION = YES;
				CLANG_WARN_OBJC_ROOT_CLASS = YES_ERROR;
				CLANG_WARN_QUOTED_INCLUDE_IN_FRAMEWORK_HEADER = YES;
				CLANG_WARN_RANGE_LOOP_ANALYSIS = YES;
				CLANG_WARN_STRICT_PROTOTYPES = YES;
				CLANG_WARN_SUSPICIOUS_MOVE = YES;
				CLANG_WARN_UNGUARDED_AVAILABILITY = YES_AGGRESSIVE;
				CLANG_WARN_UNREACHABLE_CODE = YES;
				CLANG_WARN__DUPLICATE_METHOD_MATCH = YES;
				COPY_PHASE_STRIP = NO;
				DEBUG_INFORMATION_FORMAT = dwarf;
				ENABLE_STRICT_OBJC_MSGSEND = YES;
				ENABLE_TESTABILITY = YES;
				GCC_C_LANGUAGE_STANDARD = gnu11;
				GCC_DYNAMIC_NO_PIC = NO;
				GCC_NO_COMMON_BLOCKS = YES;
				GCC_OPTIMIZATION_LEVEL = 0;
				GCC_PREPROCESSOR_DEFINITIONS = (
					"DEBUG=1",
					"$(inherited)",
				);
				GCC_WARN_64_TO_32_BIT_CONVERSION = YES;
				GCC_WARN_ABOUT_RETURN_TYPE = YES_ERROR;
				GCC_WARN_UNDECLARED_SELECTOR = YES;
				GCC_WARN_UNINITIALIZED_AUTOS = YES_AGGRESSIVE;
				GCC_WARN_UNUSED_FUNCTION = YES;
				GCC_WARN_UNUSED_VARIABLE = YES;
				IPHONEOS_DEPLOYMENT_TARGET = 16.2;
				MTL_ENABLE_DEBUG_INFO = INCLUDE_SOURCE;
				MTL_FAST_MATH = YES;
				ONLY_ACTIVE_ARCH = YES;
				SDKROOT = iphoneos;
				SWIFT_ACTIVE_COMPILATION_CONDITIONS = DEBUG;
				SWIFT_OPTIMIZATION_LEVEL = "-Onone";
			};
			name = Debug;
		};
		64EC865F29775EED006D01A4 /* Release */ = {
			isa = XCBuildConfiguration;
			buildSettings = {
				ALWAYS_SEARCH_USER_PATHS = NO;
				CLANG_ANALYZER_NONNULL = YES;
				CLANG_ANALYZER_NUMBER_OBJECT_CONVERSION = YES_AGGRESSIVE;
				CLANG_CXX_LANGUAGE_STANDARD = "gnu++20";
				CLANG_ENABLE_MODULES = YES;
				CLANG_ENABLE_OBJC_ARC = YES;
				CLANG_ENABLE_OBJC_WEAK = YES;
				CLANG_WARN_BLOCK_CAPTURE_AUTORELEASING = YES;
				CLANG_WARN_BOOL_CONVERSION = YES;
				CLANG_WARN_COMMA = YES;
				CLANG_WARN_CONSTANT_CONVERSION = YES;
				CLANG_WARN_DEPRECATED_OBJC_IMPLEMENTATIONS = YES;
				CLANG_WARN_DIRECT_OBJC_ISA_USAGE = YES_ERROR;
				CLANG_WARN_DOCUMENTATION_COMMENTS = YES;
				CLANG_WARN_EMPTY_BODY = YES;
				CLANG_WARN_ENUM_CONVERSION = YES;
				CLANG_WARN_INFINITE_RECURSION = YES;
				CLANG_WARN_INT_CONVERSION = YES;
				CLANG_WARN_NON_LITERAL_NULL_CONVERSION = YES;
				CLANG_WARN_OBJC_IMPLICIT_RETAIN_SELF = YES;
				CLANG_WARN_OBJC_LITERAL_CONVERSION = YES;
				CLANG_WARN_OBJC_ROOT_CLASS = YES_ERROR;
				CLANG_WARN_QUOTED_INCLUDE_IN_FRAMEWORK_HEADER = YES;
				CLANG_WARN_RANGE_LOOP_ANALYSIS = YES;
				CLANG_WARN_STRICT_PROTOTYPES = YES;
				CLANG_WARN_SUSPICIOUS_MOVE = YES;
				CLANG_WARN_UNGUARDED_AVAILABILITY = YES_AGGRESSIVE;
				CLANG_WARN_UNREACHABLE_CODE = YES;
				CLANG_WARN__DUPLICATE_METHOD_MATCH = YES;
				COPY_PHASE_STRIP = NO;
				DEBUG_INFORMATION_FORMAT = "dwarf-with-dsym";
				ENABLE_NS_ASSERTIONS = NO;
				ENABLE_STRICT_OBJC_MSGSEND = YES;
				GCC_C_LANGUAGE_STANDARD = gnu11;
				GCC_NO_COMMON_BLOCKS = YES;
				GCC_WARN_64_TO_32_BIT_CONVERSION = YES;
				GCC_WARN_ABOUT_RETURN_TYPE = YES_ERROR;
				GCC_WARN_UNDECLARED_SELECTOR = YES;
				GCC_WARN_UNINITIALIZED_AUTOS = YES_AGGRESSIVE;
				GCC_WARN_UNUSED_FUNCTION = YES;
				GCC_WARN_UNUSED_VARIABLE = YES;
				IPHONEOS_DEPLOYMENT_TARGET = 16.2;
				MTL_ENABLE_DEBUG_INFO = NO;
				MTL_FAST_MATH = YES;
				SDKROOT = iphoneos;
				SWIFT_COMPILATION_MODE = wholemodule;
				SWIFT_OPTIMIZATION_LEVEL = "-O";
				VALIDATE_PRODUCT = YES;
			};
			name = Release;
		};
		64EC866129775EED006D01A4 /* Debug */ = {
			isa = XCBuildConfiguration;
			buildSettings = {
				ASSETCATALOG_COMPILER_APPICON_NAME = AppIcon;
				ASSETCATALOG_COMPILER_GLOBAL_ACCENT_COLOR_NAME = AccentColor;
				CODE_SIGN_STYLE = Automatic;
				CURRENT_PROJECT_VERSION = 1;
				DEVELOPMENT_ASSET_PATHS = "\"bakery_app/Preview Content\"";
				ENABLE_PREVIEWS = YES;
				GENERATE_INFOPLIST_FILE = YES;
				INFOPLIST_KEY_UIApplicationSceneManifest_Generation = YES;
				INFOPLIST_KEY_UIApplicationSupportsIndirectInputEvents = YES;
				INFOPLIST_KEY_UILaunchScreen_Generation = YES;
				INFOPLIST_KEY_UISupportedInterfaceOrientations_iPad = "UIInterfaceOrientationPortrait UIInterfaceOrientationPortraitUpsideDown UIInterfaceOrientationLandscapeLeft UIInterfaceOrientationLandscapeRight";
				INFOPLIST_KEY_UISupportedInterfaceOrientations_iPhone = "UIInterfaceOrientationPortrait UIInterfaceOrientationLandscapeLeft UIInterfaceOrientationLandscapeRight";
				LD_RUNPATH_SEARCH_PATHS = (
					"$(inherited)",
					"@executable_path/Frameworks",
				);
				MARKETING_VERSION = 1.0;
				PRODUCT_BUNDLE_IDENTIFIER = "com.personal.bakery-app";
				PRODUCT_NAME = "$(TARGET_NAME)";
				SWIFT_EMIT_LOC_STRINGS = YES;
				SWIFT_VERSION = 5.0;
				TARGETED_DEVICE_FAMILY = "1,2";
			};
			name = Debug;
		};
		64EC866229775EED006D01A4 /* Release */ = {
			isa = XCBuildConfiguration;
			buildSettings = {
				ASSETCATALOG_COMPILER_APPICON_NAME = AppIcon;
				ASSETCATALOG_COMPILER_GLOBAL_ACCENT_COLOR_NAME = AccentColor;
				CODE_SIGN_STYLE = Automatic;
				CURRENT_PROJECT_VERSION = 1;
				DEVELOPMENT_ASSET_PATHS = "\"bakery_app/Preview Content\"";
				ENABLE_PREVIEWS = YES;
				GENERATE_INFOPLIST_FILE = YES;
				INFOPLIST_KEY_UIApplicationSceneManifest_Generation = YES;
				INFOPLIST_KEY_UIApplicationSupportsIndirectInputEvents = YES;
				INFOPLIST_KEY_UILaunchScreen_Generation = YES;
				INFOPLIST_KEY_UISupportedInterfaceOrientations_iPad = "UIInterfaceOrientationPortrait UIInterfaceOrientationPortraitUpsideDown UIInterfaceOrientationLandscapeLeft UIInterfaceOrientationLandscapeRight";
				INFOPLIST_KEY_UISupportedInterfaceOrientations_iPhone = "UIInterfaceOrientationPortrait UIInterfaceOrientationLandscapeLeft UIInterfaceOrientationLandscapeRight";
				LD_RUNPATH_SEARCH_PATHS = (
					"$(inherited)",
					"@executable_path/Frameworks",
				);
				MARKETING_VERSION = 1.0;
				PRODUCT_BUNDLE_IDENTIFIER = "com.personal.bakery-app";
				PRODUCT_NAME = "$(TARGET_NAME)";
				SWIFT_EMIT_LOC_STRINGS = YES;
				SWIFT_VERSION = 5.0;
				TARGETED_DEVICE_FAMILY = "1,2";
			};
			name = Release;
		};
		64EC866429775EED006D01A4 /* Debug */ = {
			isa = XCBuildConfiguration;
			buildSettings = {
				ALWAYS_EMBED_SWIFT_STANDARD_LIBRARIES = YES;
				BUNDLE_LOADER = "$(TEST_HOST)";
				CODE_SIGN_STYLE = Automatic;
				CURRENT_PROJECT_VERSION = 1;
				GENERATE_INFOPLIST_FILE = YES;
				IPHONEOS_DEPLOYMENT_TARGET = 16.2;
				MARKETING_VERSION = 1.0;
				PRODUCT_BUNDLE_IDENTIFIER = "com.personal.bakery-appTests";
				PRODUCT_NAME = "$(TARGET_NAME)";
				SWIFT_EMIT_LOC_STRINGS = NO;
				SWIFT_VERSION = 5.0;
				TARGETED_DEVICE_FAMILY = "1,2";
				TEST_HOST = "$(BUILT_PRODUCTS_DIR)/bakery_app.app/$(BUNDLE_EXECUTABLE_FOLDER_PATH)/bakery_app";
			};
			name = Debug;
		};
		64EC866529775EED006D01A4 /* Release */ = {
			isa = XCBuildConfiguration;
			buildSettings = {
				ALWAYS_EMBED_SWIFT_STANDARD_LIBRARIES = YES;
				BUNDLE_LOADER = "$(TEST_HOST)";
				CODE_SIGN_STYLE = Automatic;
				CURRENT_PROJECT_VERSION = 1;
				GENERATE_INFOPLIST_FILE = YES;
				IPHONEOS_DEPLOYMENT_TARGET = 16.2;
				MARKETING_VERSION = 1.0;
				PRODUCT_BUNDLE_IDENTIFIER = "com.personal.bakery-appTests";
				PRODUCT_NAME = "$(TARGET_NAME)";
				SWIFT_EMIT_LOC_STRINGS = NO;
				SWIFT_VERSION = 5.0;
				TARGETED_DEVICE_FAMILY = "1,2";
				TEST_HOST = "$(BUILT_PRODUCTS_DIR)/bakery_app.app/$(BUNDLE_EXECUTABLE_FOLDER_PATH)/bakery_app";
			};
			name = Release;
		};
		64EC866729775EED006D01A4 /* Debug */ = {
			isa = XCBuildConfiguration;
			buildSettings = {
				ALWAYS_EMBED_SWIFT_STANDARD_LIBRARIES = YES;
				CODE_SIGN_STYLE = Automatic;
				CURRENT_PROJECT_VERSION = 1;
				GENERATE_INFOPLIST_FILE = YES;
				MARKETING_VERSION = 1.0;
				PRODUCT_BUNDLE_IDENTIFIER = "com.personal.bakery-appUITests";
				PRODUCT_NAME = "$(TARGET_NAME)";
				SWIFT_EMIT_LOC_STRINGS = NO;
				SWIFT_VERSION = 5.0;
				TARGETED_DEVICE_FAMILY = "1,2";
				TEST_TARGET_NAME = bakery_app;
			};
			name = Debug;
		};
		64EC866829775EED006D01A4 /* Release */ = {
			isa = XCBuildConfiguration;
			buildSettings = {
				ALWAYS_EMBED_SWIFT_STANDARD_LIBRARIES = YES;
				CODE_SIGN_STYLE = Automatic;
				CURRENT_PROJECT_VERSION = 1;
				GENERATE_INFOPLIST_FILE = YES;
				MARKETING_VERSION = 1.0;
				PRODUCT_BUNDLE_IDENTIFIER = "com.personal.bakery-appUITests";
				PRODUCT_NAME = "$(TARGET_NAME)";
				SWIFT_EMIT_LOC_STRINGS = NO;
				SWIFT_VERSION = 5.0;
				TARGETED_DEVICE_FAMILY = "1,2";
				TEST_TARGET_NAME = bakery_app;
			};
			name = Release;
		};
/* End XCBuildConfiguration section */

/* Begin XCConfigurationList section */
		64EC863729775EEB006D01A4 /* Build configuration list for PBXProject "bakery_app" */ = {
			isa = XCConfigurationList;
			buildConfigurations = (
				64EC865E29775EED006D01A4 /* Debug */,
				64EC865F29775EED006D01A4 /* Release */,
			);
			defaultConfigurationIsVisible = 0;
			defaultConfigurationName = Release;
		};
		64EC866029775EED006D01A4 /* Build configuration list for PBXNativeTarget "bakery_app" */ = {
			isa = XCConfigurationList;
			buildConfigurations = (
				64EC866129775EED006D01A4 /* Debug */,
				64EC866229775EED006D01A4 /* Release */,
			);
			defaultConfigurationIsVisible = 0;
			defaultConfigurationName = Release;
		};
		64EC866329775EED006D01A4 /* Build configuration list for PBXNativeTarget "bakery_appTests" */ = {
			isa = XCConfigurationList;
			buildConfigurations = (
				64EC866429775EED006D01A4 /* Debug */,
				64EC866529775EED006D01A4 /* Release */,
			);
			defaultConfigurationIsVisible = 0;
			defaultConfigurationName = Release;
		};
		64EC866629775EED006D01A4 /* Build configuration list for PBXNativeTarget "bakery_appUITests" */ = {
			isa = XCConfigurationList;
			buildConfigurations = (
				64EC866729775EED006D01A4 /* Debug */,
				64EC866829775EED006D01A4 /* Release */,
			);
			defaultConfigurationIsVisible = 0;
			defaultConfigurationName = Release;
		};
/* End XCConfigurationList section */
	};
	rootObject = 64EC863429775EEB006D01A4 /* Project object */;
}
